
Microsoft Visual Studio Solution File, Format Version 12.00
# Visual Studio Version 16
VisualStudioVersion = 16.0.32002.261
MinimumVisualStudioVersion = 10.0.40219.1
Project("{FAE04EC0-301F-11D3-BF4B-00C04F79EFBC}") = "MindboxTestTask", "MindboxTestTask.csproj", "{0837DE7E-761E-4027-AD70-656AC24A826A}"
EndProject
Global
	GlobalSection(SolutionConfigurationPlatforms) = preSolution
		Debug|Any CPU = Debug|Any CPU
		Release|Any CPU = Release|Any CPU
	EndGlobalSection
	GlobalSection(ProjectConfigurationPlatforms) = postSolution
		{0837DE7E-761E-4027-AD70-656AC24A826A}.Debug|Any CPU.ActiveCfg = Debug|Any CPU
		{0837DE7E-761E-4027-AD70-656AC24A826A}.Debug|Any CPU.Build.0 = Debug|Any CPU
		{0837DE7E-761E-4027-AD70-656AC24A826A}.Release|Any CPU.ActiveCfg = Release|Any CPU
		{0837DE7E-761E-4027-AD70-656AC24A826A}.Release|Any CPU.Build.0 = Release|Any CPU
	EndGlobalSection
	GlobalSection(SolutionProperties) = preSolution
		HideSolutionNode = FALSE
	EndGlobalSection
	GlobalSection(ExtensibilityGlobals) = postSolution
		SolutionGuid = {79121407-AAAE-4D99-92B6-2C5C1E2E2B09}
	EndGlobalSection
EndGlobal
